
Microsoft Visual Studio Solution File, Format Version 12.00
# Visual Studio Version 17
VisualStudioVersion = 17.8.34511.84
MinimumVisualStudioVersion = 10.0.40219.1
Project("{8BC9CEB8-8B4A-11D0-8D11-00A0C91BC942}") = "BOJ_1543", "BOJ_1543.vcxproj", "{69E14B0E-E34B-4BAD-A6F0-D4BFEABC2E8E}"
EndProject
Global
	GlobalSection(SolutionConfigurationPlatforms) = preSolution
		Debug|x64 = Debug|x64
		Release|x64 = Release|x64
	EndGlobalSection
	GlobalSection(ProjectConfigurationPlatforms) = postSolution
		{69E14B0E-E34B-4BAD-A6F0-D4BFEABC2E8E}.Debug|x64.ActiveCfg = Debug|x64
		{69E14B0E-E34B-4BAD-A6F0-D4BFEABC2E8E}.Debug|x64.Build.0 = Debug|x64
		{69E14B0E-E34B-4BAD-A6F0-D4BFEABC2E8E}.Release|x64.ActiveCfg = Release|x64
		{69E14B0E-E34B-4BAD-A6F0-D4BFEABC2E8E}.Release|x64.Build.0 = Release|x64
	EndGlobalSection
	GlobalSection(SolutionProperties) = preSolution
		HideSolutionNode = FALSE
	EndGlobalSection
	GlobalSection(ExtensibilityGlobals) = postSolution
		SolutionGuid = {E478B0AB-1604-42BF-B009-BB714AB0B3A3}
	EndGlobalSection
EndGlobal
